
Microsoft Visual Studio Solution File, Format Version 12.00
# Visual Studio Version 16
VisualStudioVersion = 16.0.29009.5
MinimumVisualStudioVersion = 10.0.40219.1
Project("{2150E333-8FDC-42A3-9474-1A3956D46DE8}") = "Project", "Project", "{9BAB69F3-C226-4D84-AF01-76E7CC4D9FA2}"
EndProject
Project("{9A19103F-16F7-4668-BE54-9A1E7A4F7556}") = "Solution.Entity", "Solution.Entity\Solution.Entity.csproj", "{37BB20B2-5066-459F-9F9A-8A9B50824237}"
EndProject
Project("{9A19103F-16F7-4668-BE54-9A1E7A4F7556}") = "Solution.Service", "Solution.Service\Solution.Service.csproj", "{CECA8C5F-0470-4AAE-842F-386BD2E5C016}"
EndProject
Project("{9A19103F-16F7-4668-BE54-9A1E7A4F7556}") = "Solution.Admin", "Project\Solution.Admin\Solution.Admin.csproj", "{F16C5522-6B33-4AFB-9935-251EB3A826A6}"
EndProject
Project("{9A19103F-16F7-4668-BE54-9A1E7A4F7556}") = "Solution.API", "Project\Solution.API\Solution.API.csproj", "{D460FB5A-B37E-4E26-8D10-EAE4371D48F0}"
EndProject
Project("{9A19103F-16F7-4668-BE54-9A1E7A4F7556}") = "Solution.Res", "Project\Solution.Res\Solution.Res.csproj", "{3D0EE05D-E589-48BC-902B-9D14CA490C17}"
EndProject
Global
	GlobalSection(SolutionConfigurationPlatforms) = preSolution
		Debug|Any CPU = Debug|Any CPU
		Release|Any CPU = Release|Any CPU
	EndGlobalSection
	GlobalSection(ProjectConfigurationPlatforms) = postSolution
		{37BB20B2-5066-459F-9F9A-8A9B50824237}.Debug|Any CPU.ActiveCfg = Debug|Any CPU
		{37BB20B2-5066-459F-9F9A-8A9B50824237}.Debug|Any CPU.Build.0 = Debug|Any CPU
		{37BB20B2-5066-459F-9F9A-8A9B50824237}.Release|Any CPU.ActiveCfg = Release|Any CPU
		{37BB20B2-5066-459F-9F9A-8A9B50824237}.Release|Any CPU.Build.0 = Release|Any CPU
		{CECA8C5F-0470-4AAE-842F-386BD2E5C016}.Debug|Any CPU.ActiveCfg = Debug|Any CPU
		{CECA8C5F-0470-4AAE-842F-386BD2E5C016}.Debug|Any CPU.Build.0 = Debug|Any CPU
		{CECA8C5F-0470-4AAE-842F-386BD2E5C016}.Release|Any CPU.ActiveCfg = Release|Any CPU
		{CECA8C5F-0470-4AAE-842F-386BD2E5C016}.Release|Any CPU.Build.0 = Release|Any CPU
		{F16C5522-6B33-4AFB-9935-251EB3A826A6}.Debug|Any CPU.ActiveCfg = Debug|Any CPU
		{F16C5522-6B33-4AFB-9935-251EB3A826A6}.Debug|Any CPU.Build.0 = Debug|Any CPU
		{F16C5522-6B33-4AFB-9935-251EB3A826A6}.Release|Any CPU.ActiveCfg = Release|Any CPU
		{F16C5522-6B33-4AFB-9935-251EB3A826A6}.Release|Any CPU.Build.0 = Release|Any CPU
		{D460FB5A-B37E-4E26-8D10-EAE4371D48F0}.Debug|Any CPU.ActiveCfg = Debug|Any CPU
		{D460FB5A-B37E-4E26-8D10-EAE4371D48F0}.Debug|Any CPU.Build.0 = Debug|Any CPU
		{D460FB5A-B37E-4E26-8D10-EAE4371D48F0}.Release|Any CPU.ActiveCfg = Release|Any CPU
		{D460FB5A-B37E-4E26-8D10-EAE4371D48F0}.Release|Any CPU.Build.0 = Release|Any CPU
		{3D0EE05D-E589-48BC-902B-9D14CA490C17}.Debug|Any CPU.ActiveCfg = Debug|Any CPU
		{3D0EE05D-E589-48BC-902B-9D14CA490C17}.Debug|Any CPU.Build.0 = Debug|Any CPU
		{3D0EE05D-E589-48BC-902B-9D14CA490C17}.Release|Any CPU.ActiveCfg = Release|Any CPU
		{3D0EE05D-E589-48BC-902B-9D14CA490C17}.Release|Any CPU.Build.0 = Release|Any CPU
	EndGlobalSection
	GlobalSection(SolutionProperties) = preSolution
		HideSolutionNode = FALSE
	EndGlobalSection
	GlobalSection(NestedProjects) = preSolution
		{F16C5522-6B33-4AFB-9935-251EB3A826A6} = {9BAB69F3-C226-4D84-AF01-76E7CC4D9FA2}
		{D460FB5A-B37E-4E26-8D10-EAE4371D48F0} = {9BAB69F3-C226-4D84-AF01-76E7CC4D9FA2}
		{3D0EE05D-E589-48BC-902B-9D14CA490C17} = {9BAB69F3-C226-4D84-AF01-76E7CC4D9FA2}
	EndGlobalSection
	GlobalSection(ExtensibilityGlobals) = postSolution
		SolutionGuid = {69530CD0-2452-4E6B-BC7F-3ACD6B1987A0}
	EndGlobalSection
EndGlobal
